
Microsoft Visual Studio Solution File, Format Version 12.00
# Visual Studio Version 16
VisualStudioVersion = 16.0.29905.134
MinimumVisualStudioVersion = 10.0.40219.1
Project("{8BC9CEB8-8B4A-11D0-8D11-00A0C91BC942}") = "cvglTemplate", "cvglTemplate.vcxproj", "{A9640FDC-113F-418C-95EB-92CA37F059BF}"
EndProject
Global
	GlobalSection(SolutionConfigurationPlatforms) = preSolution
		Debug|x64 = Debug|x64
		Debug|x86 = Debug|x86
		Release|x64 = Release|x64
		Release|x86 = Release|x86
	EndGlobalSection
	GlobalSection(ProjectConfigurationPlatforms) = postSolution
		{A9640FDC-113F-418C-95EB-92CA37F059BF}.Debug|x64.ActiveCfg = Debug|x64
		{A9640FDC-113F-418C-95EB-92CA37F059BF}.Debug|x64.Build.0 = Debug|x64
		{A9640FDC-113F-418C-95EB-92CA37F059BF}.Debug|x86.ActiveCfg = Debug|Win32
		{A9640FDC-113F-418C-95EB-92CA37F059BF}.Debug|x86.Build.0 = Debug|Win32
		{A9640FDC-113F-418C-95EB-92CA37F059BF}.Release|x64.ActiveCfg = Release|x64
		{A9640FDC-113F-418C-95EB-92CA37F059BF}.Release|x64.Build.0 = Release|x64
		{A9640FDC-113F-418C-95EB-92CA37F059BF}.Release|x86.ActiveCfg = Release|Win32
		{A9640FDC-113F-418C-95EB-92CA37F059BF}.Release|x86.Build.0 = Release|Win32
	EndGlobalSection
	GlobalSection(SolutionProperties) = preSolution
		HideSolutionNode = FALSE
	EndGlobalSection
	GlobalSection(ExtensibilityGlobals) = postSolution
		SolutionGuid = {7A5631ED-6000-4130-B7D2-1DC141C4CAB7}
	EndGlobalSection
EndGlobal
